
Microsoft Visual Studio Solution File, Format Version 12.00
# Visual Studio Version 17
VisualStudioVersion = 17.8.34330.188
MinimumVisualStudioVersion = 10.0.40219.1
Project("{FAE04EC0-301F-11D3-BF4B-00C04F79EFBC}") = "Routescan", "Routescan.csproj", "{44A6D9C6-47F1-4CEB-9EC5-D32F1F5250B9}"
EndProject
Global
	GlobalSection(SolutionConfigurationPlatforms) = preSolution
		Debug|Any CPU = Debug|Any CPU
		Release|Any CPU = Release|Any CPU
	EndGlobalSection
	GlobalSection(ProjectConfigurationPlatforms) = postSolution
		{44A6D9C6-47F1-4CEB-9EC5-D32F1F5250B9}.Debug|Any CPU.ActiveCfg = Debug|Any CPU
		{44A6D9C6-47F1-4CEB-9EC5-D32F1F5250B9}.Debug|Any CPU.Build.0 = Debug|Any CPU
		{44A6D9C6-47F1-4CEB-9EC5-D32F1F5250B9}.Release|Any CPU.ActiveCfg = Release|Any CPU
		{44A6D9C6-47F1-4CEB-9EC5-D32F1F5250B9}.Release|Any CPU.Build.0 = Release|Any CPU
	EndGlobalSection
	GlobalSection(SolutionProperties) = preSolution
		HideSolutionNode = FALSE
	EndGlobalSection
	GlobalSection(ExtensibilityGlobals) = postSolution
		SolutionGuid = {02ED9FA6-1575-4040-AE55-547E26D8BBE3}
	EndGlobalSection
EndGlobal
